
Microsoft Visual Studio Solution File, Format Version 12.00
# Visual Studio Version 16
VisualStudioVersion = 16.0.32630.194
MinimumVisualStudioVersion = 10.0.40219.1
Project("{FAE04EC0-301F-11D3-BF4B-00C04F79EFBC}") = "BddFindCulpritTool", "BddFindCulpritTool.csproj", "{12D9D5B9-354A-4C4B-A0AA-D7F84BC12ECF}"
EndProject
Global
	GlobalSection(SolutionConfigurationPlatforms) = preSolution
		Debug|Any CPU = Debug|Any CPU
		Release|Any CPU = Release|Any CPU
	EndGlobalSection
	GlobalSection(ProjectConfigurationPlatforms) = postSolution
		{12D9D5B9-354A-4C4B-A0AA-D7F84BC12ECF}.Debug|Any CPU.ActiveCfg = Debug|Any CPU
		{12D9D5B9-354A-4C4B-A0AA-D7F84BC12ECF}.Debug|Any CPU.Build.0 = Debug|Any CPU
		{12D9D5B9-354A-4C4B-A0AA-D7F84BC12ECF}.Release|Any CPU.ActiveCfg = Release|Any CPU
		{12D9D5B9-354A-4C4B-A0AA-D7F84BC12ECF}.Release|Any CPU.Build.0 = Release|Any CPU
	EndGlobalSection
	GlobalSection(SolutionProperties) = preSolution
		HideSolutionNode = FALSE
	EndGlobalSection
	GlobalSection(ExtensibilityGlobals) = postSolution
		SolutionGuid = {8A4D8C20-749C-4C94-A6B8-21B1E1041592}
	EndGlobalSection
EndGlobal
